{
  "version": "3",
  "packages": {
    "specifiers": {
      "jsr:@tui/strings@^0.0.5": "jsr:@tui/strings@0.0.5"
    },
    "jsr": {
      "@tui/strings@0.0.5": {
        "integrity": "064e0deae56c2857e4fd5eec385007a5342d60825c115b92ec25a9cc63464b1e"
      }
    }
  },
  "remote": {
    "https://deno.land/x/crayon@3.3.3/mod.ts": "82ad225583a483c4837577971629cddaa22614093af8353da6426b9366de9780",
    "https://deno.land/x/crayon@3.3.3/src/conversions.ts": "9bfd3b1fbe412bcba092890ac558b6beaad4c3aa399cd99d45fadb324d28afd6",
    "https://deno.land/x/crayon@3.3.3/src/crayon.ts": "6b237baa08a31c903436e040afd2228a7fffaa5d11dddc58e3c402f79b3c1d04",
    "https://deno.land/x/crayon@3.3.3/src/styles.ts": "aa588b57b2c0482dc5c6f53109b4287831a9827c0aeef9a88129beae1172c1ee",
    "https://deno.land/x/crayon@3.3.3/src/util.ts": "af8884a917488de76ac0c2b92482093ade74514ece77a4c64e5eb5b0f6ed68e6"
  },
  "workspace": {
    "dependencies": [
      "jsr:@tui/strings@^0.0.5"
    ]
  }
}
